{
  "nodes": {
    "flake-utils": {
      "inputs": {
        "systems": "systems"
      },
      "locked": {
        "lastModified": 1731533236,
        "narHash": "sha256-l0KFg5HjrsfsO/JpG+r7fRrqm12kzFHyUHqHCVpMMbI=",
        "owner": "numtide",
        "repo": "flake-utils",
        "rev": "11707dc2f618dd54ca8739b309ec4fc024de578b",
        "type": "github"
      },
      "original": {
        "owner": "numtide",
        "repo": "flake-utils",
        "type": "github"
      }
    },
    "nixpkgs": {
      "locked": {
        "lastModified": 1777778464,
        "narHash": "sha256-wbc7V76nVe00gxzzFuoHIrWyFd6WkpL/v6q0bTiiuAE=",
        "owner": "nixos",
        "repo": "nixpkgs",
        "rev": "221be2157bd0ded432c31e70e5efcb7a7a270c4c",
        "type": "github"
      },
      "original": {
        "owner": "nixos",
        "repo": "nixpkgs",
        "type": "github"
      }
    },
    "root": {
      "inputs": {
        "zig2nix": "zig2nix",
        "zmx-src": "zmx-src",
        "zmx-src-main": "zmx-src-main"
      }
    },
    "systems": {
      "locked": {
        "lastModified": 1681028828,
        "narHash": "sha256-Vy1rq5AaRuLzOxct8nz4T6wlgyUR7zLU309k9mBC768=",
        "owner": "nix-systems",
        "repo": "default",
        "rev": "da67096a3b9bf56a91d16901293e51ba5b49a27e",
        "type": "github"
      },
      "original": {
        "owner": "nix-systems",
        "repo": "default",
        "type": "github"
      }
    },
    "zig2nix": {
      "inputs": {
        "flake-utils": "flake-utils",
        "nixpkgs": "nixpkgs"
      },
      "locked": {
        "lastModified": 1777779214,
        "narHash": "sha256-wEb0+HwCRKv7v5WMIqj2Cm+jxWiZ+Gn5GY9X5VLWiBw=",
        "owner": "Cloudef",
        "repo": "zig2nix",
        "rev": "3ef2489ce03a3a7ff7440510593b1fede669cba3",
        "type": "github"
      },
      "original": {
        "owner": "Cloudef",
        "repo": "zig2nix",
        "type": "github"
      }
    },
    "zmx-src": {
      "flake": false,
      "locked": {
        "lastModified": 1776386343,
        "narHash": "sha256-eVp9Lgpx4Dn60NH17zZ+VOUy1VVK73A17bIkPFDKuz4=",
        "owner": "neurosnap",
        "repo": "zmx",
        "rev": "9d01661fd1bacf9d7e886332af0d94e8c939aed9",
        "type": "github"
      },
      "original": {
        "owner": "neurosnap",
        "ref": "v0.5.0",
        "repo": "zmx",
        "type": "github"
      }
    },
    "zmx-src-main": {
      "flake": false,
      "locked": {
        "lastModified": 1778506836,
        "narHash": "sha256-NwvuHXdrhKzb5CIa4lp9VapEgZjLyDijzlA4g9/ZiYk=",
        "owner": "neurosnap",
        "repo": "zmx",
        "rev": "933bb71022a0cdb4274a929c3861e90d33c7ef3a",
        "type": "github"
      },
      "original": {
        "owner": "neurosnap",
        "repo": "zmx",
        "type": "github"
      }
    }
  },
  "root": "root",
  "version": 7
}
