{
  "nodes": {
    "flake-utils": {
      "inputs": {
        "systems": "systems"
      },
      "locked": {
        "lastModified": 1731533236,
        "narHash": "sha256-l0KFg5HjrsfsO/JpG+r7fRrqm12kzFHyUHqHCVpMMbI=",
        "owner": "numtide",
        "repo": "flake-utils",
        "rev": "11707dc2f618dd54ca8739b309ec4fc024de578b",
        "type": "github"
      },
      "original": {
        "owner": "numtide",
        "repo": "flake-utils",
        "type": "github"
      }
    },
    "nixpkgs": {
      "locked": {
        "lastModified": 1778556142,
        "narHash": "sha256-n6P0m0ahFtMMkubMcHe4ole6N01B2Ywhz8ROq6ncSxk=",
        "owner": "nixos",
        "repo": "nixpkgs",
        "rev": "dcddeceb5be51a26d1d4440c50c591bea424073f",
        "type": "github"
      },
      "original": {
        "owner": "nixos",
        "repo": "nixpkgs",
        "type": "github"
      }
    },
    "root": {
      "inputs": {
        "zig2nix": "zig2nix",
        "zmx-src": "zmx-src",
        "zmx-src-main": "zmx-src-main"
      }
    },
    "systems": {
      "locked": {
        "lastModified": 1681028828,
        "narHash": "sha256-Vy1rq5AaRuLzOxct8nz4T6wlgyUR7zLU309k9mBC768=",
        "owner": "nix-systems",
        "repo": "default",
        "rev": "da67096a3b9bf56a91d16901293e51ba5b49a27e",
        "type": "github"
      },
      "original": {
        "owner": "nix-systems",
        "repo": "default",
        "type": "github"
      }
    },
    "zig2nix": {
      "inputs": {
        "flake-utils": "flake-utils",
        "nixpkgs": "nixpkgs"
      },
      "locked": {
        "lastModified": 1778610364,
        "narHash": "sha256-0rhkhp+Vi2gfwblOB138lOpfHTKOvR0xHZYWnRcA0DU=",
        "owner": "Cloudef",
        "repo": "zig2nix",
        "rev": "4541f97bd2f114e304c518fc058d1ebc45440315",
        "type": "github"
      },
      "original": {
        "owner": "Cloudef",
        "repo": "zig2nix",
        "type": "github"
      }
    },
    "zmx-src": {
      "flake": false,
      "locked": {
        "lastModified": 1784813910,
        "narHash": "sha256-cWTeFRycSZFEbjCYIzKplNhV9SDM1kDl8CeQPOR3uyk=",
        "owner": "neurosnap",
        "repo": "zmx",
        "rev": "d221e867dc8fb7ebe3eb871e755f7ecb3314ec8a",
        "type": "github"
      },
      "original": {
        "owner": "neurosnap",
        "ref": "v0.7.0",
        "repo": "zmx",
        "type": "github"
      }
    },
    "zmx-src-main": {
      "flake": false,
      "locked": {
        "lastModified": 1785593075,
        "narHash": "sha256-aBviF4dYLnHk4DzMCyBvW6k1qHSUUvkYLav20rihFuY=",
        "owner": "neurosnap",
        "repo": "zmx",
        "rev": "0843272cbf262c2eba8abf87e8eeacf57443db38",
        "type": "github"
      },
      "original": {
        "owner": "neurosnap",
        "repo": "zmx",
        "type": "github"
      }
    }
  },
  "root": "root",
  "version": 7
}
