{
  "nodes": {
    "flake-utils": {
      "inputs": {
        "systems": "systems"
      },
      "locked": {
        "lastModified": 1731533236,
        "narHash": "sha256-l0KFg5HjrsfsO/JpG+r7fRrqm12kzFHyUHqHCVpMMbI=",
        "owner": "numtide",
        "repo": "flake-utils",
        "rev": "11707dc2f618dd54ca8739b309ec4fc024de578b",
        "type": "github"
      },
      "original": {
        "owner": "numtide",
        "repo": "flake-utils",
        "type": "github"
      }
    },
    "nixpkgs": {
      "locked": {
        "lastModified": 1774232173,
        "narHash": "sha256-T3eZ0qmTBHf8/RDRcqjokzxRs7zNg4Jy6vqzL95RTmo=",
        "owner": "nixos",
        "repo": "nixpkgs",
        "rev": "609808cb49c288b0006dbefa69f788f09284799b",
        "type": "github"
      },
      "original": {
        "owner": "nixos",
        "repo": "nixpkgs",
        "type": "github"
      }
    },
    "root": {
      "inputs": {
        "zig2nix": "zig2nix",
        "zmx-src": "zmx-src",
        "zmx-src-main": "zmx-src-main"
      }
    },
    "systems": {
      "locked": {
        "lastModified": 1681028828,
        "narHash": "sha256-Vy1rq5AaRuLzOxct8nz4T6wlgyUR7zLU309k9mBC768=",
        "owner": "nix-systems",
        "repo": "default",
        "rev": "da67096a3b9bf56a91d16901293e51ba5b49a27e",
        "type": "github"
      },
      "original": {
        "owner": "nix-systems",
        "repo": "default",
        "type": "github"
      }
    },
    "zig2nix": {
      "inputs": {
        "flake-utils": "flake-utils",
        "nixpkgs": "nixpkgs"
      },
      "locked": {
        "lastModified": 1774233260,
        "narHash": "sha256-Pw234vVLbEr2C2DICIAi0v3CcvbHuBjp1CyjnRe/ems=",
        "owner": "Cloudef",
        "repo": "zig2nix",
        "rev": "7f2d17402a284480b2fde02f3b179309a62d250a",
        "type": "github"
      },
      "original": {
        "owner": "Cloudef",
        "repo": "zig2nix",
        "type": "github"
      }
    },
    "zmx-src": {
      "flake": false,
      "locked": {
        "lastModified": 1776386343,
        "narHash": "sha256-eVp9Lgpx4Dn60NH17zZ+VOUy1VVK73A17bIkPFDKuz4=",
        "owner": "neurosnap",
        "repo": "zmx",
        "rev": "9d01661fd1bacf9d7e886332af0d94e8c939aed9",
        "type": "github"
      },
      "original": {
        "owner": "neurosnap",
        "ref": "v0.5.0",
        "repo": "zmx",
        "type": "github"
      }
    },
    "zmx-src-main": {
      "flake": false,
      "locked": {
        "lastModified": 1776398285,
        "narHash": "sha256-5kVVQybURBflE8mWH76Fo5AonOH9fiAN5aVZkgm+mNw=",
        "owner": "neurosnap",
        "repo": "zmx",
        "rev": "81243b97b548e09bd27105fe9e53c5d1e6b8ccbe",
        "type": "github"
      },
      "original": {
        "owner": "neurosnap",
        "repo": "zmx",
        "type": "github"
      }
    }
  },
  "root": "root",
  "version": 7
}
